
Microsoft Visual Studio Solution File, Format Version 12.00
# Visual Studio Version 16
VisualStudioVersion = 16.0.31424.327
MinimumVisualStudioVersion = 10.0.40219.1
Project("{FAE04EC0-301F-11D3-BF4B-00C04F79EFBC}") = "understandinglogicinc", "understandinglogicinc\understandinglogicinc.csproj", "{3E350F9F-C50B-4575-9ACF-3ABF88933577}"
EndProject
Global
	GlobalSection(SolutionConfigurationPlatforms) = preSolution
		Debug|Any CPU = Debug|Any CPU
		Release|Any CPU = Release|Any CPU
	EndGlobalSection
	GlobalSection(ProjectConfigurationPlatforms) = postSolution
		{3E350F9F-C50B-4575-9ACF-3ABF88933577}.Debug|Any CPU.ActiveCfg = Debug|Any CPU
		{3E350F9F-C50B-4575-9ACF-3ABF88933577}.Debug|Any CPU.Build.0 = Debug|Any CPU
		{3E350F9F-C50B-4575-9ACF-3ABF88933577}.Release|Any CPU.ActiveCfg = Release|Any CPU
		{3E350F9F-C50B-4575-9ACF-3ABF88933577}.Release|Any CPU.Build.0 = Release|Any CPU
	EndGlobalSection
	GlobalSection(SolutionProperties) = preSolution
		HideSolutionNode = FALSE
	EndGlobalSection
	GlobalSection(ExtensibilityGlobals) = postSolution
		SolutionGuid = {00E48284-542D-477B-91B8-8195A49B2899}
	EndGlobalSection
EndGlobal
